github.com/Binject/debug v0.0.0-20230508195519-26db73212a7a h1:4c0nc0krv8eh7gD809n+swLaCuFyHpxdrxwx0ZmHvBw=
github.com/Binject/debug v0.0.0-20230508195519-26db73212a7a/go.mod h1:QzgxDLY/qdKlvnbnb65eqTedhvQPbaSP2NqIbcuKvsQ=
github.com/carved4/go-native-syscall v1.3.7 h1:aKG/ZTvF1Vc5oL9cMIolEw9UDZ+n49QNMz7JyG64eRY=
github.com/carved4/go-native-syscall v1.3.7/go.mod h1:N6u621Q52vY0R1xcuPOPTnW9YKnlHwaZXhMfj6xayyw=
github.com/carved4/go-wincall v1.1.4 h1:59hRviJS1leTM+ATdhPLJ8qfQkznf7YeWt6ryxnzvJk=
github.com/carved4/go-wincall v1.1.4/go.mod h1:G1YIp2fkB2lSXE+2YtaucTRe6UIVQc0k57l9AzmI5kc=
