github.com/Binject/debug v0.0.0-20230508195519-26db73212a7a h1:4c0nc0krv8eh7gD809n+swLaCuFyHpxdrxwx0ZmHvBw=
github.com/Binject/debug v0.0.0-20230508195519-26db73212a7a/go.mod h1:QzgxDLY/qdKlvnbnb65eqTedhvQPbaSP2NqIbcuKvsQ=
github.com/carved4/go-native-syscall v1.3.8 h1:3vPxodiw0mnI7u/8Mtymw6BExLe4Ibd7fXLNqQq8smw=
github.com/carved4/go-native-syscall v1.3.8/go.mod h1:N6u621Q52vY0R1xcuPOPTnW9YKnlHwaZXhMfj6xayyw=
github.com/carved4/go-wincall v1.1.5 h1:8uM882TQZJmwBy/STaBc4aDb75QqUrmw4Z5JrS8Fw7Y=
github.com/carved4/go-wincall v1.1.5/go.mod h1:7Q56wL2YuWHriaMQ5KUBGfg0FI8ryicxE28d/E2VqYA=
